
Microsoft Visual Studio Solution File, Format Version 12.00
# Visual Studio Version 16
VisualStudioVersion = 16.0.31702.278
MinimumVisualStudioVersion = 10.0.40219.1
Project("{FAE04EC0-301F-11D3-BF4B-00C04F79EFBC}") = "feriavirtual-frontend", "feriavirtual-frontend\feriavirtual-frontend.csproj", "{D78CEE21-79EE-49F3-8703-1878F49ED1AA}"
EndProject
Global
	GlobalSection(SolutionConfigurationPlatforms) = preSolution
		Debug|Any CPU = Debug|Any CPU
		Release|Any CPU = Release|Any CPU
	EndGlobalSection
	GlobalSection(ProjectConfigurationPlatforms) = postSolution
		{D78CEE21-79EE-49F3-8703-1878F49ED1AA}.Debug|Any CPU.ActiveCfg = Debug|Any CPU
		{D78CEE21-79EE-49F3-8703-1878F49ED1AA}.Debug|Any CPU.Build.0 = Debug|Any CPU
		{D78CEE21-79EE-49F3-8703-1878F49ED1AA}.Release|Any CPU.ActiveCfg = Release|Any CPU
		{D78CEE21-79EE-49F3-8703-1878F49ED1AA}.Release|Any CPU.Build.0 = Release|Any CPU
	EndGlobalSection
	GlobalSection(SolutionProperties) = preSolution
		HideSolutionNode = FALSE
	EndGlobalSection
	GlobalSection(ExtensibilityGlobals) = postSolution
		SolutionGuid = {D5E14EC7-D1F2-4F42-862E-5C20EE92FD29}
	EndGlobalSection
EndGlobal
